
Microsoft Visual Studio Solution File, Format Version 12.00
# Visual Studio Version 17
VisualStudioVersion = 17.3.32804.467
MinimumVisualStudioVersion = 10.0.40219.1
Project("{FAE04EC0-301F-11D3-BF4B-00C04F79EFBC}") = "GIUserAssemblyHelper", "GIUserAssemblyHelper\GIUserAssemblyHelper.csproj", "{5A389D36-F805-492B-8FCA-888FFD171D4D}"
EndProject
Project("{2150E333-8FDC-42A3-9474-1A3956D46DE8}") = "HexAPI", "HexAPI", "{B3AA94B0-5DC2-4C57-9A94-12BBD36289CD}"
EndProject
Project("{FAE04EC0-301F-11D3-BF4B-00C04F79EFBC}") = "HexAPI", "HexAPI\HexAPI\HexAPI.csproj", "{96CEC5DF-44C6-48D4-BCC5-9A115F48FADB}"
EndProject
Global
	GlobalSection(SolutionConfigurationPlatforms) = preSolution
		Debug|Any CPU = Debug|Any CPU
		Release|Any CPU = Release|Any CPU
	EndGlobalSection
	GlobalSection(ProjectConfigurationPlatforms) = postSolution
		{5A389D36-F805-492B-8FCA-888FFD171D4D}.Debug|Any CPU.ActiveCfg = Debug|Any CPU
		{5A389D36-F805-492B-8FCA-888FFD171D4D}.Debug|Any CPU.Build.0 = Debug|Any CPU
		{5A389D36-F805-492B-8FCA-888FFD171D4D}.Release|Any CPU.ActiveCfg = Release|Any CPU
		{5A389D36-F805-492B-8FCA-888FFD171D4D}.Release|Any CPU.Build.0 = Release|Any CPU
		{96CEC5DF-44C6-48D4-BCC5-9A115F48FADB}.Debug|Any CPU.ActiveCfg = Debug|Any CPU
		{96CEC5DF-44C6-48D4-BCC5-9A115F48FADB}.Debug|Any CPU.Build.0 = Debug|Any CPU
		{96CEC5DF-44C6-48D4-BCC5-9A115F48FADB}.Release|Any CPU.ActiveCfg = Release|Any CPU
		{96CEC5DF-44C6-48D4-BCC5-9A115F48FADB}.Release|Any CPU.Build.0 = Release|Any CPU
	EndGlobalSection
	GlobalSection(SolutionProperties) = preSolution
		HideSolutionNode = FALSE
	EndGlobalSection
	GlobalSection(ExtensibilityGlobals) = postSolution
		SolutionGuid = {C2F2D818-C510-4C3E-B8C4-DF4D7BC3B80A}
	EndGlobalSection
	GlobalSection(NestedProjects) = preSolution
		{96CEC5DF-44C6-48D4-BCC5-9A115F48FADB} = {B3AA94B0-5DC2-4C57-9A94-12BBD36289CD}
	EndGlobalSection
EndGlobal
