
Microsoft Visual Studio Solution File, Format Version 12.00
# Visual Studio Version 17
VisualStudioVersion = 17.3.32804.467
MinimumVisualStudioVersion = 10.0.40219.1
Project("{FAE04EC0-301F-11D3-BF4B-00C04F79EFBC}") = "GIUserAssemblyHelper", "GIUserAssemblyHelper\GIUserAssemblyHelper.csproj", "{5A389D36-F805-492B-8FCA-888FFD171D4D}"
EndProject
Project("{9A19103F-16F7-4668-BE54-9A1E7A4F7556}") = "HexAPI", "..\..\HexAPI\HexAPI\HexAPI.csproj", "{1D65352A-D958-45EF-9358-13BBDB6B8240}"
EndProject
Global
	GlobalSection(SolutionConfigurationPlatforms) = preSolution
		Debug|Any CPU = Debug|Any CPU
		Release|Any CPU = Release|Any CPU
	EndGlobalSection
	GlobalSection(ProjectConfigurationPlatforms) = postSolution
		{5A389D36-F805-492B-8FCA-888FFD171D4D}.Debug|Any CPU.ActiveCfg = Debug|Any CPU
		{5A389D36-F805-492B-8FCA-888FFD171D4D}.Debug|Any CPU.Build.0 = Debug|Any CPU
		{5A389D36-F805-492B-8FCA-888FFD171D4D}.Release|Any CPU.ActiveCfg = Release|Any CPU
		{5A389D36-F805-492B-8FCA-888FFD171D4D}.Release|Any CPU.Build.0 = Release|Any CPU
		{1D65352A-D958-45EF-9358-13BBDB6B8240}.Debug|Any CPU.ActiveCfg = Debug|Any CPU
		{1D65352A-D958-45EF-9358-13BBDB6B8240}.Debug|Any CPU.Build.0 = Debug|Any CPU
		{1D65352A-D958-45EF-9358-13BBDB6B8240}.Release|Any CPU.ActiveCfg = Release|Any CPU
		{1D65352A-D958-45EF-9358-13BBDB6B8240}.Release|Any CPU.Build.0 = Release|Any CPU
	EndGlobalSection
	GlobalSection(SolutionProperties) = preSolution
		HideSolutionNode = FALSE
	EndGlobalSection
	GlobalSection(ExtensibilityGlobals) = postSolution
		SolutionGuid = {C2F2D818-C510-4C3E-B8C4-DF4D7BC3B80A}
	EndGlobalSection
EndGlobal
